
Microsoft Visual Studio Solution File, Format Version 12.00
# Visual Studio 15
VisualStudioVersion = 15.0.26228.16
MinimumVisualStudioVersion = 10.0.40219.1
Project("{8BC9CEB8-8B4A-11D0-8D11-00A0C91BC942}") = "CapturePreview", "..\CapturePreview.vcxproj", "{7A4CE467-F498-40AD-885A-BDE997E03A74}"
EndProject
Project("{8BC9CEB8-8B4A-11D0-8D11-00A0C91BC942}") = "DeckLinkDueApi", "DeckLinkDueApi\DeckLinkDueApi.vcxproj", "{9FE30051-9B0A-42F9-8EE2-4CC47BC6D0EE}"
EndProject
Project("{FAE04EC0-301F-11D3-BF4B-00C04F79EFBC}") = "DeckLinkDueCaptureApp", "DeckLinkDueCaptureApp\DeckLinkDueCaptureApp.csproj", "{751AB06F-76A9-49D0-9CAE-C825CA1A0202}"
EndProject
Project("{FAE04EC0-301F-11D3-BF4B-00C04F79EFBC}") = "DeckLinkCSCaptureApi", "DeckLinkCSCaptureApi\DeckLinkCSCaptureApi.csproj", "{182F5392-C0A4-4E0F-8487-64A4FB321B2A}"
EndProject
Project("{FAE04EC0-301F-11D3-BF4B-00C04F79EFBC}") = "CapturePreviewCSharp", "..\..\CapturePreviewCSharp\CapturePreviewCSharp.csproj", "{F3479D7A-9100-486F-9C96-14381CBA996B}"
EndProject
Project("{8BC9CEB8-8B4A-11D0-8D11-00A0C91BC942}") = "FileCapture", "..\..\FileCapture\FileCapture.vcxproj", "{F836C890-AA41-4B96-9648-5A261878D1EF}"
EndProject
Global
	GlobalSection(SolutionConfigurationPlatforms) = preSolution
		Debug_MBCS|Any CPU = Debug_MBCS|Any CPU
		Debug_MBCS|Win32 = Debug_MBCS|Win32
		Debug_MBCS|x64 = Debug_MBCS|x64
		Debug|Any CPU = Debug|Any CPU
		Debug|Win32 = Debug|Win32
		Debug|x64 = Debug|x64
		Release_MBCS|Any CPU = Release_MBCS|Any CPU
		Release_MBCS|Win32 = Release_MBCS|Win32
		Release_MBCS|x64 = Release_MBCS|x64
		Release|Any CPU = Release|Any CPU
		Release|Win32 = Release|Win32
		Release|x64 = Release|x64
	EndGlobalSection
	GlobalSection(ProjectConfigurationPlatforms) = postSolution
		{7A4CE467-F498-40AD-885A-BDE997E03A74}.Debug_MBCS|Any CPU.ActiveCfg = Release|x64
		{7A4CE467-F498-40AD-885A-BDE997E03A74}.Debug_MBCS|Any CPU.Build.0 = Release|x64
		{7A4CE467-F498-40AD-885A-BDE997E03A74}.Debug_MBCS|Win32.ActiveCfg = Debug|Win32
		{7A4CE467-F498-40AD-885A-BDE997E03A74}.Debug_MBCS|Win32.Build.0 = Debug|Win32
		{7A4CE467-F498-40AD-885A-BDE997E03A74}.Debug_MBCS|x64.ActiveCfg = Debug|x64
		{7A4CE467-F498-40AD-885A-BDE997E03A74}.Debug_MBCS|x64.Build.0 = Debug|x64
		{7A4CE467-F498-40AD-885A-BDE997E03A74}.Debug|Any CPU.ActiveCfg = Debug|Win32
		{7A4CE467-F498-40AD-885A-BDE997E03A74}.Debug|Win32.ActiveCfg = Debug|Win32
		{7A4CE467-F498-40AD-885A-BDE997E03A74}.Debug|Win32.Build.0 = Debug|Win32
		{7A4CE467-F498-40AD-885A-BDE997E03A74}.Debug|x64.ActiveCfg = Debug|x64
		{7A4CE467-F498-40AD-885A-BDE997E03A74}.Debug|x64.Build.0 = Debug|x64
		{7A4CE467-F498-40AD-885A-BDE997E03A74}.Release_MBCS|Any CPU.ActiveCfg = Release|x64
		{7A4CE467-F498-40AD-885A-BDE997E03A74}.Release_MBCS|Any CPU.Build.0 = Release|x64
		{7A4CE467-F498-40AD-885A-BDE997E03A74}.Release_MBCS|Win32.ActiveCfg = Release|Win32
		{7A4CE467-F498-40AD-885A-BDE997E03A74}.Release_MBCS|Win32.Build.0 = Release|Win32
		{7A4CE467-F498-40AD-885A-BDE997E03A74}.Release_MBCS|x64.ActiveCfg = Release|x64
		{7A4CE467-F498-40AD-885A-BDE997E03A74}.Release_MBCS|x64.Build.0 = Release|x64
		{7A4CE467-F498-40AD-885A-BDE997E03A74}.Release|Any CPU.ActiveCfg = Release|Win32
		{7A4CE467-F498-40AD-885A-BDE997E03A74}.Release|Win32.ActiveCfg = Release|Win32
		{7A4CE467-F498-40AD-885A-BDE997E03A74}.Release|Win32.Build.0 = Release|Win32
		{7A4CE467-F498-40AD-885A-BDE997E03A74}.Release|x64.ActiveCfg = Release|x64
		{7A4CE467-F498-40AD-885A-BDE997E03A74}.Release|x64.Build.0 = Release|x64
		{9FE30051-9B0A-42F9-8EE2-4CC47BC6D0EE}.Debug_MBCS|Any CPU.ActiveCfg = Release|x64
		{9FE30051-9B0A-42F9-8EE2-4CC47BC6D0EE}.Debug_MBCS|Any CPU.Build.0 = Release|x64
		{9FE30051-9B0A-42F9-8EE2-4CC47BC6D0EE}.Debug_MBCS|Win32.ActiveCfg = Debug|Win32
		{9FE30051-9B0A-42F9-8EE2-4CC47BC6D0EE}.Debug_MBCS|Win32.Build.0 = Debug|Win32
		{9FE30051-9B0A-42F9-8EE2-4CC47BC6D0EE}.Debug_MBCS|x64.ActiveCfg = Debug|x64
		{9FE30051-9B0A-42F9-8EE2-4CC47BC6D0EE}.Debug_MBCS|x64.Build.0 = Debug|x64
		{9FE30051-9B0A-42F9-8EE2-4CC47BC6D0EE}.Debug|Any CPU.ActiveCfg = Debug|Win32
		{9FE30051-9B0A-42F9-8EE2-4CC47BC6D0EE}.Debug|Win32.ActiveCfg = Debug|Win32
		{9FE30051-9B0A-42F9-8EE2-4CC47BC6D0EE}.Debug|Win32.Build.0 = Debug|Win32
		{9FE30051-9B0A-42F9-8EE2-4CC47BC6D0EE}.Debug|x64.ActiveCfg = Debug|x64
		{9FE30051-9B0A-42F9-8EE2-4CC47BC6D0EE}.Debug|x64.Build.0 = Debug|x64
		{9FE30051-9B0A-42F9-8EE2-4CC47BC6D0EE}.Release_MBCS|Any CPU.ActiveCfg = Release|x64
		{9FE30051-9B0A-42F9-8EE2-4CC47BC6D0EE}.Release_MBCS|Any CPU.Build.0 = Release|x64
		{9FE30051-9B0A-42F9-8EE2-4CC47BC6D0EE}.Release_MBCS|Win32.ActiveCfg = Release|Win32
		{9FE30051-9B0A-42F9-8EE2-4CC47BC6D0EE}.Release_MBCS|Win32.Build.0 = Release|Win32
		{9FE30051-9B0A-42F9-8EE2-4CC47BC6D0EE}.Release_MBCS|x64.ActiveCfg = Release|x64
		{9FE30051-9B0A-42F9-8EE2-4CC47BC6D0EE}.Release_MBCS|x64.Build.0 = Release|x64
		{9FE30051-9B0A-42F9-8EE2-4CC47BC6D0EE}.Release|Any CPU.ActiveCfg = Release|Win32
		{9FE30051-9B0A-42F9-8EE2-4CC47BC6D0EE}.Release|Win32.ActiveCfg = Release|Win32
		{9FE30051-9B0A-42F9-8EE2-4CC47BC6D0EE}.Release|Win32.Build.0 = Release|Win32
		{9FE30051-9B0A-42F9-8EE2-4CC47BC6D0EE}.Release|x64.ActiveCfg = Release|x64
		{9FE30051-9B0A-42F9-8EE2-4CC47BC6D0EE}.Release|x64.Build.0 = Release|x64
		{751AB06F-76A9-49D0-9CAE-C825CA1A0202}.Debug_MBCS|Any CPU.ActiveCfg = Debug|Any CPU
		{751AB06F-76A9-49D0-9CAE-C825CA1A0202}.Debug_MBCS|Any CPU.Build.0 = Debug|Any CPU
		{751AB06F-76A9-49D0-9CAE-C825CA1A0202}.Debug_MBCS|Win32.ActiveCfg = Debug|Any CPU
		{751AB06F-76A9-49D0-9CAE-C825CA1A0202}.Debug_MBCS|Win32.Build.0 = Debug|Any CPU
		{751AB06F-76A9-49D0-9CAE-C825CA1A0202}.Debug_MBCS|x64.ActiveCfg = Debug|Any CPU
		{751AB06F-76A9-49D0-9CAE-C825CA1A0202}.Debug_MBCS|x64.Build.0 = Debug|Any CPU
		{751AB06F-76A9-49D0-9CAE-C825CA1A0202}.Debug|Any CPU.ActiveCfg = Debug|Any CPU
		{751AB06F-76A9-49D0-9CAE-C825CA1A0202}.Debug|Any CPU.Build.0 = Debug|Any CPU
		{751AB06F-76A9-49D0-9CAE-C825CA1A0202}.Debug|Win32.ActiveCfg = Debug|Any CPU
		{751AB06F-76A9-49D0-9CAE-C825CA1A0202}.Debug|Win32.Build.0 = Debug|Any CPU
		{751AB06F-76A9-49D0-9CAE-C825CA1A0202}.Debug|x64.ActiveCfg = Debug|Any CPU
		{751AB06F-76A9-49D0-9CAE-C825CA1A0202}.Debug|x64.Build.0 = Debug|Any CPU
		{751AB06F-76A9-49D0-9CAE-C825CA1A0202}.Release_MBCS|Any CPU.ActiveCfg = Release|Any CPU
		{751AB06F-76A9-49D0-9CAE-C825CA1A0202}.Release_MBCS|Any CPU.Build.0 = Release|Any CPU
		{751AB06F-76A9-49D0-9CAE-C825CA1A0202}.Release_MBCS|Win32.ActiveCfg = Release|Any CPU
		{751AB06F-76A9-49D0-9CAE-C825CA1A0202}.Release_MBCS|Win32.Build.0 = Release|Any CPU
		{751AB06F-76A9-49D0-9CAE-C825CA1A0202}.Release_MBCS|x64.ActiveCfg = Release|Any CPU
		{751AB06F-76A9-49D0-9CAE-C825CA1A0202}.Release_MBCS|x64.Build.0 = Release|Any CPU
		{751AB06F-76A9-49D0-9CAE-C825CA1A0202}.Release|Any CPU.ActiveCfg = Release|Any CPU
		{751AB06F-76A9-49D0-9CAE-C825CA1A0202}.Release|Any CPU.Build.0 = Release|Any CPU
		{751AB06F-76A9-49D0-9CAE-C825CA1A0202}.Release|Win32.ActiveCfg = Release|Any CPU
		{751AB06F-76A9-49D0-9CAE-C825CA1A0202}.Release|Win32.Build.0 = Release|Any CPU
		{751AB06F-76A9-49D0-9CAE-C825CA1A0202}.Release|x64.ActiveCfg = Release|Any CPU
		{751AB06F-76A9-49D0-9CAE-C825CA1A0202}.Release|x64.Build.0 = Release|Any CPU
		{182F5392-C0A4-4E0F-8487-64A4FB321B2A}.Debug_MBCS|Any CPU.ActiveCfg = Debug|Any CPU
		{182F5392-C0A4-4E0F-8487-64A4FB321B2A}.Debug_MBCS|Any CPU.Build.0 = Debug|Any CPU
		{182F5392-C0A4-4E0F-8487-64A4FB321B2A}.Debug_MBCS|Win32.ActiveCfg = Debug|Any CPU
		{182F5392-C0A4-4E0F-8487-64A4FB321B2A}.Debug_MBCS|Win32.Build.0 = Debug|Any CPU
		{182F5392-C0A4-4E0F-8487-64A4FB321B2A}.Debug_MBCS|x64.ActiveCfg = Debug|Any CPU
		{182F5392-C0A4-4E0F-8487-64A4FB321B2A}.Debug_MBCS|x64.Build.0 = Debug|Any CPU
		{182F5392-C0A4-4E0F-8487-64A4FB321B2A}.Debug|Any CPU.ActiveCfg = Debug|Any CPU
		{182F5392-C0A4-4E0F-8487-64A4FB321B2A}.Debug|Any CPU.Build.0 = Debug|Any CPU
		{182F5392-C0A4-4E0F-8487-64A4FB321B2A}.Debug|Win32.ActiveCfg = Debug|Any CPU
		{182F5392-C0A4-4E0F-8487-64A4FB321B2A}.Debug|Win32.Build.0 = Debug|Any CPU
		{182F5392-C0A4-4E0F-8487-64A4FB321B2A}.Debug|x64.ActiveCfg = Debug|Any CPU
		{182F5392-C0A4-4E0F-8487-64A4FB321B2A}.Debug|x64.Build.0 = Debug|Any CPU
		{182F5392-C0A4-4E0F-8487-64A4FB321B2A}.Release_MBCS|Any CPU.ActiveCfg = Release|Any CPU
		{182F5392-C0A4-4E0F-8487-64A4FB321B2A}.Release_MBCS|Any CPU.Build.0 = Release|Any CPU
		{182F5392-C0A4-4E0F-8487-64A4FB321B2A}.Release_MBCS|Win32.ActiveCfg = Release|Any CPU
		{182F5392-C0A4-4E0F-8487-64A4FB321B2A}.Release_MBCS|Win32.Build.0 = Release|Any CPU
		{182F5392-C0A4-4E0F-8487-64A4FB321B2A}.Release_MBCS|x64.ActiveCfg = Release|Any CPU
		{182F5392-C0A4-4E0F-8487-64A4FB321B2A}.Release_MBCS|x64.Build.0 = Release|Any CPU
		{182F5392-C0A4-4E0F-8487-64A4FB321B2A}.Release|Any CPU.ActiveCfg = Release|Any CPU
		{182F5392-C0A4-4E0F-8487-64A4FB321B2A}.Release|Any CPU.Build.0 = Release|Any CPU
		{182F5392-C0A4-4E0F-8487-64A4FB321B2A}.Release|Win32.ActiveCfg = Release|Any CPU
		{182F5392-C0A4-4E0F-8487-64A4FB321B2A}.Release|Win32.Build.0 = Release|Any CPU
		{182F5392-C0A4-4E0F-8487-64A4FB321B2A}.Release|x64.ActiveCfg = Release|Any CPU
		{182F5392-C0A4-4E0F-8487-64A4FB321B2A}.Release|x64.Build.0 = Release|Any CPU
		{F3479D7A-9100-486F-9C96-14381CBA996B}.Debug_MBCS|Any CPU.ActiveCfg = Debug|Any CPU
		{F3479D7A-9100-486F-9C96-14381CBA996B}.Debug_MBCS|Any CPU.Build.0 = Debug|Any CPU
		{F3479D7A-9100-486F-9C96-14381CBA996B}.Debug_MBCS|Win32.ActiveCfg = Debug|Any CPU
		{F3479D7A-9100-486F-9C96-14381CBA996B}.Debug_MBCS|Win32.Build.0 = Debug|Any CPU
		{F3479D7A-9100-486F-9C96-14381CBA996B}.Debug_MBCS|x64.ActiveCfg = Debug|Any CPU
		{F3479D7A-9100-486F-9C96-14381CBA996B}.Debug_MBCS|x64.Build.0 = Debug|Any CPU
		{F3479D7A-9100-486F-9C96-14381CBA996B}.Debug|Any CPU.ActiveCfg = Debug|Any CPU
		{F3479D7A-9100-486F-9C96-14381CBA996B}.Debug|Any CPU.Build.0 = Debug|Any CPU
		{F3479D7A-9100-486F-9C96-14381CBA996B}.Debug|Win32.ActiveCfg = Debug|Any CPU
		{F3479D7A-9100-486F-9C96-14381CBA996B}.Debug|Win32.Build.0 = Debug|Any CPU
		{F3479D7A-9100-486F-9C96-14381CBA996B}.Debug|x64.ActiveCfg = Debug|Any CPU
		{F3479D7A-9100-486F-9C96-14381CBA996B}.Debug|x64.Build.0 = Debug|Any CPU
		{F3479D7A-9100-486F-9C96-14381CBA996B}.Release_MBCS|Any CPU.ActiveCfg = Release|Any CPU
		{F3479D7A-9100-486F-9C96-14381CBA996B}.Release_MBCS|Any CPU.Build.0 = Release|Any CPU
		{F3479D7A-9100-486F-9C96-14381CBA996B}.Release_MBCS|Win32.ActiveCfg = Release|Any CPU
		{F3479D7A-9100-486F-9C96-14381CBA996B}.Release_MBCS|Win32.Build.0 = Release|Any CPU
		{F3479D7A-9100-486F-9C96-14381CBA996B}.Release_MBCS|x64.ActiveCfg = Release|Any CPU
		{F3479D7A-9100-486F-9C96-14381CBA996B}.Release_MBCS|x64.Build.0 = Release|Any CPU
		{F3479D7A-9100-486F-9C96-14381CBA996B}.Release|Any CPU.ActiveCfg = Release|Any CPU
		{F3479D7A-9100-486F-9C96-14381CBA996B}.Release|Any CPU.Build.0 = Release|Any CPU
		{F3479D7A-9100-486F-9C96-14381CBA996B}.Release|Win32.ActiveCfg = Release|Any CPU
		{F3479D7A-9100-486F-9C96-14381CBA996B}.Release|Win32.Build.0 = Release|Any CPU
		{F3479D7A-9100-486F-9C96-14381CBA996B}.Release|x64.ActiveCfg = Release|Any CPU
		{F3479D7A-9100-486F-9C96-14381CBA996B}.Release|x64.Build.0 = Release|Any CPU
		{F836C890-AA41-4B96-9648-5A261878D1EF}.Debug_MBCS|Any CPU.ActiveCfg = Release|x64
		{F836C890-AA41-4B96-9648-5A261878D1EF}.Debug_MBCS|Any CPU.Build.0 = Release|x64
		{F836C890-AA41-4B96-9648-5A261878D1EF}.Debug_MBCS|Win32.ActiveCfg = Debug|Win32
		{F836C890-AA41-4B96-9648-5A261878D1EF}.Debug_MBCS|Win32.Build.0 = Debug|Win32
		{F836C890-AA41-4B96-9648-5A261878D1EF}.Debug_MBCS|x64.ActiveCfg = Debug|x64
		{F836C890-AA41-4B96-9648-5A261878D1EF}.Debug_MBCS|x64.Build.0 = Debug|x64
		{F836C890-AA41-4B96-9648-5A261878D1EF}.Debug|Any CPU.ActiveCfg = Debug|Win32
		{F836C890-AA41-4B96-9648-5A261878D1EF}.Debug|Win32.ActiveCfg = Debug|Win32
		{F836C890-AA41-4B96-9648-5A261878D1EF}.Debug|Win32.Build.0 = Debug|Win32
		{F836C890-AA41-4B96-9648-5A261878D1EF}.Debug|x64.ActiveCfg = Debug|x64
		{F836C890-AA41-4B96-9648-5A261878D1EF}.Debug|x64.Build.0 = Debug|x64
		{F836C890-AA41-4B96-9648-5A261878D1EF}.Release_MBCS|Any CPU.ActiveCfg = Release|x64
		{F836C890-AA41-4B96-9648-5A261878D1EF}.Release_MBCS|Any CPU.Build.0 = Release|x64
		{F836C890-AA41-4B96-9648-5A261878D1EF}.Release_MBCS|Win32.ActiveCfg = Release|Win32
		{F836C890-AA41-4B96-9648-5A261878D1EF}.Release_MBCS|Win32.Build.0 = Release|Win32
		{F836C890-AA41-4B96-9648-5A261878D1EF}.Release_MBCS|x64.ActiveCfg = Release|x64
		{F836C890-AA41-4B96-9648-5A261878D1EF}.Release_MBCS|x64.Build.0 = Release|x64
		{F836C890-AA41-4B96-9648-5A261878D1EF}.Release|Any CPU.ActiveCfg = Release|Win32
		{F836C890-AA41-4B96-9648-5A261878D1EF}.Release|Win32.ActiveCfg = Release|Win32
		{F836C890-AA41-4B96-9648-5A261878D1EF}.Release|Win32.Build.0 = Release|Win32
		{F836C890-AA41-4B96-9648-5A261878D1EF}.Release|x64.ActiveCfg = Release|x64
		{F836C890-AA41-4B96-9648-5A261878D1EF}.Release|x64.Build.0 = Release|x64
	EndGlobalSection
	GlobalSection(SolutionProperties) = preSolution
		HideSolutionNode = FALSE
	EndGlobalSection
EndGlobal
