<?xml version="1.0" encoding="utf-8"?>
<Project ToolsVersion="4.0" xmlns="http://schemas.microsoft.com/developer/msbuild/2003">
  <ItemGroup>
    <Filter Include="Source Files">
      <UniqueIdentifier>{4FC737F1-C7A5-4376-A066-2A32D752A2FF}</UniqueIdentifier>
      <Extensions>cpp;c;cc;cxx;def;odl;idl;hpj;bat;asm;asmx</Extensions>
    </Filter>
    <Filter Include="Header Files">
      <UniqueIdentifier>{93995380-89BD-4b04-88EB-625FBE52EBFB}</UniqueIdentifier>
      <Extensions>h;hh;hpp;hxx;hm;inl;inc;xsd</Extensions>
    </Filter>
    <Filter Include="Resource Files">
      <UniqueIdentifier>{67DA6AB6-F800-4c08-8B7A-83BB121AAD01}</UniqueIdentifier>
      <Extensions>rc;ico;cur;bmp;dlg;rc2;rct;bin;rgs;gif;jpg;jpeg;jpe;resx;tiff;tif;png;wav;mfcribbon-ms</Extensions>
    </Filter>
    <Filter Include="DeckLinkAPI">
      <UniqueIdentifier>{0346a8b5-91a8-4c62-9def-7594a32f6577}</UniqueIdentifier>
    </Filter>
  </ItemGroup>
  <ItemGroup>
    <ClInclude Include="stdafx.h">
      <Filter>Header Files</Filter>
    </ClInclude>
    <ClInclude Include="targetver.h">
      <Filter>Header Files</Filter>
    </ClInclude>
    <ClInclude Include="DeckLinkDueApi.h">
      <Filter>Header Files</Filter>
    </ClInclude>
    <ClInclude Include="DeckLinkDevice.h">
      <Filter>Header Files</Filter>
    </ClInclude>
    <ClInclude Include="DeckLinkDeviceDiscovery.h">
      <Filter>Header Files</Filter>
    </ClInclude>
    <ClInclude Include="ProfileCallback.h">
      <Filter>Header Files</Filter>
    </ClInclude>
    <ClInclude Include="DeckLinkCapture.h">
      <Filter>Header Files</Filter>
    </ClInclude>
    <ClInclude Include="DeckLinkAPI_h.h">
      <Filter>DeckLinkAPI</Filter>
    </ClInclude>
    <ClInclude Include="platform.h">
      <Filter>Header Files</Filter>
    </ClInclude>
    <ClInclude Include="Common.h">
      <Filter>Header Files</Filter>
    </ClInclude>
    <ClInclude Include="PreviewWindowDX9.h">
      <Filter>Header Files</Filter>
    </ClInclude>
    <ClInclude Include="PreviewWindowGL.h">
      <Filter>Header Files</Filter>
    </ClInclude>
    <ClInclude Include="Bgra32VideoFrame.h">
      <Filter>Header Files</Filter>
    </ClInclude>
    <ClInclude Include="DSGraphUtils.h">
      <Filter>Header Files</Filter>
    </ClInclude>
    <ClInclude Include="edc.h">
      <Filter>Header Files</Filter>
    </ClInclude>
    <ClInclude Include="ehlss.h">
      <Filter>Header Files</Filter>
    </ClInclude>
    <ClInclude Include="ehlssink.h">
      <Filter>Header Files</Filter>
    </ClInclude>
    <ClInclude Include="empegmux.h">
      <Filter>Header Files</Filter>
    </ClInclude>
    <ClInclude Include="enwr.h">
      <Filter>Header Files</Filter>
    </ClInclude>
    <ClInclude Include="enwsplus.h">
      <Filter>Header Files</Filter>
    </ClInclude>
    <ClInclude Include="eqsdec.h">
      <Filter>Header Files</Filter>
    </ClInclude>
    <ClInclude Include="ertspnws.h">
      <Filter>Header Files</Filter>
    </ClInclude>
    <ClInclude Include="ModuleConfig_h.h">
      <Filter>Header Files</Filter>
    </ClInclude>
    <ClInclude Include="ecommon.h">
      <Filter>Header Files</Filter>
    </ClInclude>
    <ClInclude Include="PlaybackVideoFrame.h">
      <Filter>Header Files</Filter>
    </ClInclude>
    <ClInclude Include="SourceReader.h">
      <Filter>Header Files</Filter>
    </ClInclude>
    <ClInclude Include="PlaybackAudioPacket.h">
      <Filter>Header Files</Filter>
    </ClInclude>
  </ItemGroup>
  <ItemGroup>
    <ClCompile Include="stdafx.cpp">
      <Filter>Source Files</Filter>
    </ClCompile>
    <ClCompile Include="DeckLinkDueApi.cpp">
      <Filter>Source Files</Filter>
    </ClCompile>
    <ClCompile Include="dllmain.cpp">
      <Filter>Source Files</Filter>
    </ClCompile>
    <ClCompile Include="..\..\DeckLinkAPI_i.c">
      <Filter>DeckLinkAPI</Filter>
    </ClCompile>
    <ClCompile Include="..\..\ProfileCallback.cpp">
      <Filter>Source Files</Filter>
    </ClCompile>
    <ClCompile Include="DeckLinkDeviceDiscovery.cpp">
      <Filter>Source Files</Filter>
    </ClCompile>
    <ClCompile Include="DeckLinkCapture.cpp">
      <Filter>Source Files</Filter>
    </ClCompile>
    <ClCompile Include="DeckLinkDevice.cpp">
      <Filter>Source Files</Filter>
    </ClCompile>
    <ClCompile Include="DeviceNotification.cpp">
      <Filter>Source Files</Filter>
    </ClCompile>
    <ClCompile Include="platform.cpp">
      <Filter>Source Files</Filter>
    </ClCompile>
    <ClCompile Include="PreviewWindowDX9.cpp">
      <Filter>Source Files</Filter>
    </ClCompile>
    <ClCompile Include="PreviewWindowGL.cpp">
      <Filter>Source Files</Filter>
    </ClCompile>
    <ClCompile Include="Bgra32VideoFrame.cpp">
      <Filter>Source Files</Filter>
    </ClCompile>
    <ClCompile Include="DSGraphUtils.cpp">
      <Filter>Source Files</Filter>
    </ClCompile>
    <ClCompile Include="ModuleConfig_i.c">
      <Filter>Source Files</Filter>
    </ClCompile>
    <ClCompile Include="ModuleConfig_p.c">
      <Filter>Source Files</Filter>
    </ClCompile>
    <ClCompile Include="PlaybackVideoFrame.cpp">
      <Filter>Source Files</Filter>
    </ClCompile>
    <ClCompile Include="SourceReader.cpp">
      <Filter>Source Files</Filter>
    </ClCompile>
    <ClCompile Include="PlaybackAudioPacket.cpp">
      <Filter>Source Files</Filter>
    </ClCompile>
  </ItemGroup>
  <ItemGroup>
    <Midl Include="ModuleConfig.idl">
      <Filter>Source Files</Filter>
    </Midl>
    <Midl Include="include\DeckLinkAPI.idl">
      <Filter>DeckLinkAPI</Filter>
    </Midl>
  </ItemGroup>
</Project>